
Microsoft Visual Studio Solution File, Format Version 12.00
# Visual Studio Version 16
VisualStudioVersion = 16.0.32630.194
MinimumVisualStudioVersion = 10.0.40219.1
Project("{9A19103F-16F7-4668-BE54-9A1E7A4F7556}") = "API", "API\API.csproj", "{BF230D69-5E12-443D-9BE7-B65415629105}"
EndProject
Global
	GlobalSection(SolutionConfigurationPlatforms) = preSolution
		Debug|Any CPU = Debug|Any CPU
		Release|Any CPU = Release|Any CPU
	EndGlobalSection
	GlobalSection(ProjectConfigurationPlatforms) = postSolution
		{BF230D69-5E12-443D-9BE7-B65415629105}.Debug|Any CPU.ActiveCfg = Debug|Any CPU
		{BF230D69-5E12-443D-9BE7-B65415629105}.Debug|Any CPU.Build.0 = Debug|Any CPU
		{BF230D69-5E12-443D-9BE7-B65415629105}.Release|Any CPU.ActiveCfg = Release|Any CPU
		{BF230D69-5E12-443D-9BE7-B65415629105}.Release|Any CPU.Build.0 = Release|Any CPU
	EndGlobalSection
	GlobalSection(SolutionProperties) = preSolution
		HideSolutionNode = FALSE
	EndGlobalSection
	GlobalSection(ExtensibilityGlobals) = postSolution
		SolutionGuid = {081F9178-8F52-42E6-8F81-7F876A4EF6B4}
	EndGlobalSection
EndGlobal
